<?xml version="1.0" encoding="utf-8"?>
<Project ToolsVersion="4.0" xmlns="http://schemas.microsoft.com/developer/msbuild/2003">
  <ItemGroup>
    <Filter Include="Source Files">
      <UniqueIdentifier>{4FC737F1-C7A5-4376-A066-2A32D752A2FF}</UniqueIdentifier>
      <Extensions>cpp;c;cc;cxx;def;odl;idl;hpj;bat;asm;asmx</Extensions>
    </Filter>
    <Filter Include="Header Files">
      <UniqueIdentifier>{93995380-89BD-4b04-88EB-625FBE52EBFB}</UniqueIdentifier>
      <Extensions>h;hh;hpp;hxx;hm;inl;inc;xsd</Extensions>
    </Filter>
    <Filter Include="Resource Files">
      <UniqueIdentifier>{67DA6AB6-F800-4c08-8B7A-83BB121AAD01}</UniqueIdentifier>
      <Extensions>rc;ico;cur;bmp;dlg;rc2;rct;bin;rgs;gif;jpg;jpeg;jpe;resx;tiff;tif;png;wav;mfcribbon-ms</Extensions>
    </Filter>
    <Filter Include="Header Files\Resources">
      <UniqueIdentifier>{d764bc33-d6a2-41f6-83fb-05a9674b2a08}</UniqueIdentifier>
    </Filter>
    <Filter Include="Source Files\Resources">
      <UniqueIdentifier>{4f7ca274-34a5-4540-8cfe-071b5c7d1b4f}</UniqueIdentifier>
    </Filter>
    <Filter Include="Header Files\Scene">
      <UniqueIdentifier>{42eb0d93-ab6b-4f6b-b680-631da6d065b2}</UniqueIdentifier>
    </Filter>
    <Filter Include="Source Files\Scene">
      <UniqueIdentifier>{c5b48312-22d4-4eb0-a580-fd01a72fe506}</UniqueIdentifier>
    </Filter>
    <Filter Include="Header Files\Misc">
      <UniqueIdentifier>{5fcc643f-2b40-4953-8735-5c09f800803e}</UniqueIdentifier>
    </Filter>
    <Filter Include="Header Files\Graphics">
      <UniqueIdentifier>{b5ae4a82-4ea0-4b9e-a6c4-a5f9295664a7}</UniqueIdentifier>
    </Filter>
    <Filter Include="Source Files\Graphics">
      <UniqueIdentifier>{864eadfb-0ae6-4c99-ad61-27c7d9a79a11}</UniqueIdentifier>
    </Filter>
    <Filter Include="Header Files\Core">
      <UniqueIdentifier>{d4f1ee99-425a-40e8-84d7-557818b4c136}</UniqueIdentifier>
    </Filter>
    <Filter Include="Source Files\Core">
      <UniqueIdentifier>{f3979295-4565-4b5b-acd8-8b3b8b94692d}</UniqueIdentifier>
    </Filter>
    <Filter Include="Source Files\Misc">
      <UniqueIdentifier>{f167986f-97e2-4616-b5d4-56a5d14d42bc}</UniqueIdentifier>
    </Filter>
  </ItemGroup>
  <ItemGroup>
    <ClCompile Include="main.cpp">
      <Filter>Source Files</Filter>
    </ClCompile>
    <ClCompile Include="Mesh.cpp">
      <Filter>Source Files\Resources</Filter>
    </ClCompile>
    <ClCompile Include="SceneManager.cpp">
      <Filter>Source Files\Scene</Filter>
    </ClCompile>
    <ClCompile Include="DXRenderer.cpp">
      <Filter>Source Files\Graphics</Filter>
    </ClCompile>
    <ClCompile Include="WinDisplay.cpp">
      <Filter>Source Files\Graphics</Filter>
    </ClCompile>
    <ClCompile Include="Material.cpp">
      <Filter>Source Files\Resources</Filter>
    </ClCompile>
    <ClCompile Include="GFXEngine.cpp">
      <Filter>Source Files\Core</Filter>
    </ClCompile>
    <ClCompile Include="Object.cpp">
      <Filter>Source Files\Core</Filter>
    </ClCompile>
    <ClCompile Include="Camera.cpp">
      <Filter>Source Files\Core</Filter>
    </ClCompile>
    <ClCompile Include="Transform.cpp">
      <Filter>Source Files\Misc</Filter>
    </ClCompile>
    <ClCompile Include="Timer.cpp">
      <Filter>Source Files\Misc</Filter>
    </ClCompile>
    <ClCompile Include="CubeScene.cpp">
      <Filter>Source Files\Scene</Filter>
    </ClCompile>
  </ItemGroup>
  <ItemGroup>
    <ClInclude Include="Material.h">
      <Filter>Header Files\Resources</Filter>
    </ClInclude>
    <ClInclude Include="Mesh.h">
      <Filter>Header Files\Resources</Filter>
    </ClInclude>
    <ClInclude Include="SceneManager.h">
      <Filter>Header Files\Scene</Filter>
    </ClInclude>
    <ClInclude Include="DXRenderer.h">
      <Filter>Header Files\Graphics</Filter>
    </ClInclude>
    <ClInclude Include="WinDisplay.h">
      <Filter>Header Files\Graphics</Filter>
    </ClInclude>
    <ClInclude Include="DataTypes.h">
      <Filter>Header Files\Misc</Filter>
    </ClInclude>
    <ClInclude Include="GFXEngine.h">
      <Filter>Header Files\Core</Filter>
    </ClInclude>
    <ClInclude Include="Object.h">
      <Filter>Header Files\Core</Filter>
    </ClInclude>
    <ClInclude Include="Camera.h">
      <Filter>Header Files\Core</Filter>
    </ClInclude>
    <ClInclude Include="Transform.h">
      <Filter>Header Files\Misc</Filter>
    </ClInclude>
    <ClInclude Include="Timer.h">
      <Filter>Header Files\Misc</Filter>
    </ClInclude>
    <ClInclude Include="AbstractScene.h">
      <Filter>Header Files\Scene</Filter>
    </ClInclude>
    <ClInclude Include="CubeScene.h">
      <Filter>Header Files\Scene</Filter>
    </ClInclude>
  </ItemGroup>
</Project>